// !$*UTF8*$!
{
	archiveVersion = 1;
	classes = {
	};
	objectVersion = 50;
	objects = {

/* Begin PBXBuildFile section */
		F280F7C720F868D500B53730 /* AppDelegate.swift in Sources */ = {isa = PBXBuildFile; fileRef = F280F7C620F868D500B53730 /* AppDelegate.swift */; };
		F280F7C920F868D500B53730 /* ViewController.swift in Sources */ = {isa = PBXBuildFile; fileRef = F280F7C820F868D500B53730 /* ViewController.swift */; };
		F280F7CC20F868D500B53730 /* Main.storyboard in Resources */ = {isa = PBXBuildFile; fileRef = F280F7CA20F868D500B53730 /* Main.storyboard */; };
		F280F7CF20F868D500B53730 /* MyHealthProj.xcdatamodeld in Sources */ = {isa = PBXBuildFile; fileRef = F280F7CD20F868D500B53730 /* MyHealthProj.xcdatamodeld */; };
		F280F7D120F868DC00B53730 /* Assets.xcassets in Resources */ = {isa = PBXBuildFile; fileRef = F280F7D020F868DC00B53730 /* Assets.xcassets */; };
		F280F7D420F868DC00B53730 /* LaunchScreen.storyboard in Resources */ = {isa = PBXBuildFile; fileRef = F280F7D220F868DC00B53730 /* LaunchScreen.storyboard */; };
		F280F7DE20F86F8600B53730 /* homeScreenViewController.swift in Sources */ = {isa = PBXBuildFile; fileRef = F280F7DD20F86F8600B53730 /* homeScreenViewController.swift */; };
		F280F7E520F88C6A00B53730 /* MedicationReminderViewController.swift in Sources */ = {isa = PBXBuildFile; fileRef = F280F7E420F88C6A00B53730 /* MedicationReminderViewController.swift */; };
		F280F7E920F8A35A00B53730 /* medicalDeviceViewController.swift in Sources */ = {isa = PBXBuildFile; fileRef = F280F7E820F8A35A00B53730 /* medicalDeviceViewController.swift */; };
		F280F7EF20F8B5FB00B53730 /* dashboardCollectionViewController.swift in Sources */ = {isa = PBXBuildFile; fileRef = F280F7EE20F8B5FB00B53730 /* dashboardCollectionViewController.swift */; };
		F280F7F720F8C2E200B53730 /* dashboardCollectionViewCell.swift in Sources */ = {isa = PBXBuildFile; fileRef = F280F7F620F8C2E200B53730 /* dashboardCollectionViewCell.swift */; };
/* End PBXBuildFile section */

/* Begin PBXFileReference section */
		F280F7C320F868D500B53730 /* MyHealthProj.app */ = {isa = PBXFileReference; explicitFileType = wrapper.application; includeInIndex = 0; path = MyHealthProj.app; sourceTree = BUILT_PRODUCTS_DIR; };
		F280F7C620F868D500B53730 /* AppDelegate.swift */ = {isa = PBXFileReference; lastKnownFileType = sourcecode.swift; path = AppDelegate.swift; sourceTree = "<group>"; };
		F280F7C820F868D500B53730 /* ViewController.swift */ = {isa = PBXFileReference; lastKnownFileType = sourcecode.swift; path = ViewController.swift; sourceTree = "<group>"; };
		F280F7CB20F868D500B53730 /* Base */ = {isa = PBXFileReference; lastKnownFileType = file.storyboard; name = Base; path = Base.lproj/Main.storyboard; sourceTree = "<group>"; };
		F280F7CE20F868D500B53730 /* MyHealthProj.xcdatamodel */ = {isa = PBXFileReference; lastKnownFileType = wrapper.xcdatamodel; path = MyHealthProj.xcdatamodel; sourceTree = "<group>"; };
		F280F7D020F868DC00B53730 /* Assets.xcassets */ = {isa = PBXFileReference; lastKnownFileType = folder.assetcatalog; path = Assets.xcassets; sourceTree = "<group>"; };
		F280F7D320F868DC00B53730 /* Base */ = {isa = PBXFileReference; lastKnownFileType = file.storyboard; name = Base; path = Base.lproj/LaunchScreen.storyboard; sourceTree = "<group>"; };
		F280F7D520F868DC00B53730 /* Info.plist */ = {isa = PBXFileReference; lastKnownFileType = text.plist.xml; path = Info.plist; sourceTree = "<group>"; };
		F280F7DD20F86F8600B53730 /* homeScreenViewController.swift */ = {isa = PBXFileReference; lastKnownFileType = sourcecode.swift; path = homeScreenViewController.swift; sourceTree = "<group>"; };
		F280F7E420F88C6A00B53730 /* MedicationReminderViewController.swift */ = {isa = PBXFileReference; lastKnownFileType = sourcecode.swift; path = MedicationReminderViewController.swift; sourceTree = "<group>"; };
		F280F7E820F8A35A00B53730 /* medicalDeviceViewController.swift */ = {isa = PBXFileReference; lastKnownFileType = sourcecode.swift; path = medicalDeviceViewController.swift; sourceTree = "<group>"; };
		F280F7EE20F8B5FB00B53730 /* dashboardCollectionViewController.swift */ = {isa = PBXFileReference; lastKnownFileType = sourcecode.swift; path = dashboardCollectionViewController.swift; sourceTree = "<group>"; };
		F280F7F620F8C2E200B53730 /* dashboardCollectionViewCell.swift */ = {isa = PBXFileReference; lastKnownFileType = sourcecode.swift; path = dashboardCollectionViewCell.swift; sourceTree = "<group>"; };
/* End PBXFileReference section */

/* Begin PBXFrameworksBuildPhase section */
		F280F7C020F868D500B53730 /* Frameworks */ = {
			isa = PBXFrameworksBuildPhase;
			buildActionMask = 2147483647;
			files = (
			);
			runOnlyForDeploymentPostprocessing = 0;
		};
/* End PBXFrameworksBuildPhase section */

/* Begin PBXGroup section */
		F280F7BA20F868D400B53730 = {
			isa = PBXGroup;
			children = (
				F280F7C520F868D500B53730 /* MyHealthProj */,
				F280F7C420F868D500B53730 /* Products */,
			);
			sourceTree = "<group>";
		};
		F280F7C420F868D500B53730 /* Products */ = {
			isa = PBXGroup;
			children = (
				F280F7C320F868D500B53730 /* MyHealthProj.app */,
			);
			name = Products;
			sourceTree = "<group>";
		};
		F280F7C520F868D500B53730 /* MyHealthProj */ = {
			isa = PBXGroup;
			children = (
				F280F7EA20F8B5B100B53730 /* Dashboard */,
				F280F7E620F8A32600B53730 /* MedicalDeviceScreen */,
				F280F7E020F88BB600B53730 /* MedicationReminderScreen */,
				F280F7DB20F86F4F00B53730 /* HomeScreen */,
				F280F7C620F868D500B53730 /* AppDelegate.swift */,
				F280F7C820F868D500B53730 /* ViewController.swift */,
				F280F7CA20F868D500B53730 /* Main.storyboard */,
				F280F7D020F868DC00B53730 /* Assets.xcassets */,
				F280F7D220F868DC00B53730 /* LaunchScreen.storyboard */,
				F280F7D520F868DC00B53730 /* Info.plist */,
				F280F7CD20F868D500B53730 /* MyHealthProj.xcdatamodeld */,
			);
			path = MyHealthProj;
			sourceTree = "<group>";
		};
		F280F7DB20F86F4F00B53730 /* HomeScreen */ = {
			isa = PBXGroup;
			children = (
				F280F7DC20F86F6F00B53730 /* Controller */,
			);
			path = HomeScreen;
			sourceTree = "<group>";
		};
		F280F7DC20F86F6F00B53730 /* Controller */ = {
			isa = PBXGroup;
			children = (
				F280F7DD20F86F8600B53730 /* homeScreenViewController.swift */,
			);
			path = Controller;
			sourceTree = "<group>";
		};
		F280F7E020F88BB600B53730 /* MedicationReminderScreen */ = {
			isa = PBXGroup;
			children = (
				F280F7E120F88BC500B53730 /* Controller */,
			);
			path = MedicationReminderScreen;
			sourceTree = "<group>";
		};
		F280F7E120F88BC500B53730 /* Controller */ = {
			isa = PBXGroup;
			children = (
				F280F7E420F88C6A00B53730 /* MedicationReminderViewController.swift */,
			);
			path = Controller;
			sourceTree = "<group>";
		};
		F280F7E620F8A32600B53730 /* MedicalDeviceScreen */ = {
			isa = PBXGroup;
			children = (
				F280F7E720F8A33B00B53730 /* Controller */,
			);
			path = MedicalDeviceScreen;
			sourceTree = "<group>";
		};
		F280F7E720F8A33B00B53730 /* Controller */ = {
			isa = PBXGroup;
			children = (
				F280F7E820F8A35A00B53730 /* medicalDeviceViewController.swift */,
			);
			path = Controller;
			sourceTree = "<group>";
		};
		F280F7EA20F8B5B100B53730 /* Dashboard */ = {
			isa = PBXGroup;
			children = (
				F280F7EB20F8B5B800B53730 /* Controller */,
			);
			path = Dashboard;
			sourceTree = "<group>";
		};
		F280F7EB20F8B5B800B53730 /* Controller */ = {
			isa = PBXGroup;
			children = (
				F280F7EE20F8B5FB00B53730 /* dashboardCollectionViewController.swift */,
				F280F7F620F8C2E200B53730 /* dashboardCollectionViewCell.swift */,
			);
			path = Controller;
			sourceTree = "<group>";
		};
/* End PBXGroup section */

/* Begin PBXNativeTarget section */
		F280F7C220F868D500B53730 /* MyHealthProj */ = {
			isa = PBXNativeTarget;
			buildConfigurationList = F280F7D820F868DC00B53730 /* Build configuration list for PBXNativeTarget "MyHealthProj" */;
			buildPhases = (
				F280F7BF20F868D500B53730 /* Sources */,
				F280F7C020F868D500B53730 /* Frameworks */,
				F280F7C120F868D500B53730 /* Resources */,
			);
			buildRules = (
			);
			dependencies = (
			);
			name = MyHealthProj;
			productName = MyHealthProj;
			productReference = F280F7C320F868D500B53730 /* MyHealthProj.app */;
			productType = "com.apple.product-type.application";
		};
/* End PBXNativeTarget section */

/* Begin PBXProject section */
		F280F7BB20F868D400B53730 /* Project object */ = {
			isa = PBXProject;
			attributes = {
				LastSwiftUpdateCheck = 0940;
				LastUpgradeCheck = 0940;
				ORGANIZATIONNAME = Subhash;
				TargetAttributes = {
					F280F7C220F868D500B53730 = {
						CreatedOnToolsVersion = 9.4.1;
					};
				};
			};
			buildConfigurationList = F280F7BE20F868D400B53730 /* Build configuration list for PBXProject "MyHealthProj" */;
			compatibilityVersion = "Xcode 9.3";
			developmentRegion = en;
			hasScannedForEncodings = 0;
			knownRegions = (
				en,
				Base,
			);
			mainGroup = F280F7BA20F868D400B53730;
			productRefGroup = F280F7C420F868D500B53730 /* Products */;
			projectDirPath = "";
			projectRoot = "";
			targets = (
				F280F7C220F868D500B53730 /* MyHealthProj */,
			);
		};
/* End PBXProject section */

/* Begin PBXResourcesBuildPhase section */
		F280F7C120F868D500B53730 /* Resources */ = {
			isa = PBXResourcesBuildPhase;
			buildActionMask = 2147483647;
			files = (
				F280F7D420F868DC00B53730 /* LaunchScreen.storyboard in Resources */,
				F280F7D120F868DC00B53730 /* Assets.xcassets in Resources */,
				F280F7CC20F868D500B53730 /* Main.storyboard in Resources */,
			);
			runOnlyForDeploymentPostprocessing = 0;
		};
/* End PBXResourcesBuildPhase section */

/* Begin PBXSourcesBuildPhase section */
		F280F7BF20F868D500B53730 /* Sources */ = {
			isa = PBXSourcesBuildPhase;
			buildActionMask = 2147483647;
			files = (
				F280F7C920F868D500B53730 /* ViewController.swift in Sources */,
				F280F7F720F8C2E200B53730 /* dashboardCollectionViewCell.swift in Sources */,
				F280F7E520F88C6A00B53730 /* MedicationReminderViewController.swift in Sources */,
				F280F7DE20F86F8600B53730 /* homeScreenViewController.swift in Sources */,
				F280F7C720F868D500B53730 /* AppDelegate.swift in Sources */,
				F280F7E920F8A35A00B53730 /* medicalDeviceViewController.swift in Sources */,
				F280F7CF20F868D500B53730 /* MyHealthProj.xcdatamodeld in Sources */,
				F280F7EF20F8B5FB00B53730 /* dashboardCollectionViewController.swift in Sources */,
			);
			runOnlyForDeploymentPostprocessing = 0;
		};
/* End PBXSourcesBuildPhase section */

/* Begin PBXVariantGroup section */
		F280F7CA20F868D500B53730 /* Main.storyboard */ = {
			isa = PBXVariantGroup;
			children = (
				F280F7CB20F868D500B53730 /* Base */,
			);
			name = Main.storyboard;
			sourceTree = "<group>";
		};
		F280F7D220F868DC00B53730 /* LaunchScreen.storyboard */ = {
			isa = PBXVariantGroup;
			children = (
				F280F7D320F868DC00B53730 /* Base */,
			);
			name = LaunchScreen.storyboard;
			sourceTree = "<group>";
		};
/* End PBXVariantGroup section */

/* Begin XCBuildConfiguration section */
		F280F7D620F868DC00B53730 /* Debug */ = {
			isa = XCBuildConfiguration;
			buildSettings = {
				ALWAYS_SEARCH_USER_PATHS = NO;
				CLANG_ANALYZER_NONNULL = YES;
				CLANG_ANALYZER_NUMBER_OBJECT_CONVERSION = YES_AGGRESSIVE;
				CLANG_CXX_LANGUAGE_STANDARD = "gnu++14";
				CLANG_CXX_LIBRARY = "libc++";
				CLANG_ENABLE_MODULES = YES;
				CLANG_ENABLE_OBJC_ARC = YES;
				CLANG_ENABLE_OBJC_WEAK = YES;
				CLANG_WARN_BLOCK_CAPTURE_AUTORELEASING = YES;
				CLANG_WARN_BOOL_CONVERSION = YES;
				CLANG_WARN_COMMA = YES;
				CLANG_WARN_CONSTANT_CONVERSION = YES;
				CLANG_WARN_DEPRECATED_OBJC_IMPLEMENTATIONS = YES;
				CLANG_WARN_DIRECT_OBJC_ISA_USAGE = YES_ERROR;
				CLANG_WARN_DOCUMENTATION_COMMENTS = YES;
				CLANG_WARN_EMPTY_BODY = YES;
				CLANG_WARN_ENUM_CONVERSION = YES;
				CLANG_WARN_INFINITE_RECURSION = YES;
				CLANG_WARN_INT_CONVERSION = YES;
				CLANG_WARN_NON_LITERAL_NULL_CONVERSION = YES;
				CLANG_WARN_OBJC_IMPLICIT_RETAIN_SELF = YES;
				CLANG_WARN_OBJC_LITERAL_CONVERSION = YES;
				CLANG_WARN_OBJC_ROOT_CLASS = YES_ERROR;
				CLANG_WARN_RANGE_LOOP_ANALYSIS = YES;
				CLANG_WARN_STRICT_PROTOTYPES = YES;
				CLANG_WARN_SUSPICIOUS_MOVE = YES;
				CLANG_WARN_UNGUARDED_AVAILABILITY = YES_AGGRESSIVE;
				CLANG_WARN_UNREACHABLE_CODE = YES;
				CLANG_WARN__DUPLICATE_METHOD_MATCH = YES;
				CODE_SIGN_IDENTITY = "iPhone Developer";
				COPY_PHASE_STRIP = NO;
				DEBUG_INFORMATION_FORMAT = dwarf;
				ENABLE_STRICT_OBJC_MSGSEND = YES;
				ENABLE_TESTABILITY = YES;
				GCC_C_LANGUAGE_STANDARD = gnu11;
				GCC_DYNAMIC_NO_PIC = NO;
				GCC_NO_COMMON_BLOCKS = YES;
				GCC_OPTIMIZATION_LEVEL = 0;
				GCC_PREPROCESSOR_DEFINITIONS = (
					"DEBUG=1",
					"$(inherited)",
				);
				GCC_WARN_64_TO_32_BIT_CONVERSION = YES;
				GCC_WARN_ABOUT_RETURN_TYPE = YES_ERROR;
				GCC_WARN_UNDECLARED_SELECTOR = YES;
				GCC_WARN_UNINITIALIZED_AUTOS = YES_AGGRESSIVE;
				GCC_WARN_UNUSED_FUNCTION = YES;
				GCC_WARN_UNUSED_VARIABLE = YES;
				IPHONEOS_DEPLOYMENT_TARGET = 11.4;
				MTL_ENABLE_DEBUG_INFO = YES;
				ONLY_ACTIVE_ARCH = YES;
				SDKROOT = iphoneos;
				SWIFT_ACTIVE_COMPILATION_CONDITIONS = DEBUG;
				SWIFT_OPTIMIZATION_LEVEL = "-Onone";
			};
			name = Debug;
		};
		F280F7D720F868DC00B53730 /* Release */ = {
			isa = XCBuildConfiguration;
			buildSettings = {
				ALWAYS_SEARCH_USER_PATHS = NO;
				CLANG_ANALYZER_NONNULL = YES;
				CLANG_ANALYZER_NUMBER_OBJECT_CONVERSION = YES_AGGRESSIVE;
				CLANG_CXX_LANGUAGE_STANDARD = "gnu++14";
				CLANG_CXX_LIBRARY = "libc++";
				CLANG_ENABLE_MODULES = YES;
				CLANG_ENABLE_OBJC_ARC = YES;
				CLANG_ENABLE_OBJC_WEAK = YES;
				CLANG_WARN_BLOCK_CAPTURE_AUTORELEASING = YES;
				CLANG_WARN_BOOL_CONVERSION = YES;
				CLANG_WARN_COMMA = YES;
				CLANG_WARN_CONSTANT_CONVERSION = YES;
				CLANG_WARN_DEPRECATED_OBJC_IMPLEMENTATIONS = YES;
				CLANG_WARN_DIRECT_OBJC_ISA_USAGE = YES_ERROR;
				CLANG_WARN_DOCUMENTATION_COMMENTS = YES;
				CLANG_WARN_EMPTY_BODY = YES;
				CLANG_WARN_ENUM_CONVERSION = YES;
				CLANG_WARN_INFINITE_RECURSION = YES;
				CLANG_WARN_INT_CONVERSION = YES;
				CLANG_WARN_NON_LITERAL_NULL_CONVERSION = YES;
				CLANG_WARN_OBJC_IMPLICIT_RETAIN_SELF = YES;
				CLANG_WARN_OBJC_LITERAL_CONVERSION = YES;
				CLANG_WARN_OBJC_ROOT_CLASS = YES_ERROR;
				CLANG_WARN_RANGE_LOOP_ANALYSIS = YES;
				CLANG_WARN_STRICT_PROTOTYPES = YES;
				CLANG_WARN_SUSPICIOUS_MOVE = YES;
				CLANG_WARN_UNGUARDED_AVAILABILITY = YES_AGGRESSIVE;
				CLANG_WARN_UNREACHABLE_CODE = YES;
				CLANG_WARN__DUPLICATE_METHOD_MATCH = YES;
				CODE_SIGN_IDENTITY = "iPhone Developer";
				COPY_PHASE_STRIP = NO;
				DEBUG_INFORMATION_FORMAT = "dwarf-with-dsym";
				ENABLE_NS_ASSERTIONS = NO;
				ENABLE_STRICT_OBJC_MSGSEND = YES;
				GCC_C_LANGUAGE_STANDARD = gnu11;
				GCC_NO_COMMON_BLOCKS = YES;
				GCC_WARN_64_TO_32_BIT_CONVERSION = YES;
				GCC_WARN_ABOUT_RETURN_TYPE = YES_ERROR;
				GCC_WARN_UNDECLARED_SELECTOR = YES;
				GCC_WARN_UNINITIALIZED_AUTOS = YES_AGGRESSIVE;
				GCC_WARN_UNUSED_FUNCTION = YES;
				GCC_WARN_UNUSED_VARIABLE = YES;
				IPHONEOS_DEPLOYMENT_TARGET = 11.4;
				MTL_ENABLE_DEBUG_INFO = NO;
				SDKROOT = iphoneos;
				SWIFT_COMPILATION_MODE = wholemodule;
				SWIFT_OPTIMIZATION_LEVEL = "-O";
				VALIDATE_PRODUCT = YES;
			};
			name = Release;
		};
		F280F7D920F868DC00B53730 /* Debug */ = {
			isa = XCBuildConfiguration;
			buildSettings = {
				ASSETCATALOG_COMPILER_APPICON_NAME = AppIcon;
				CODE_SIGN_IDENTITY = "iPhone Developer: Happiest Minds (372V9PWM5W)";
				CODE_SIGN_STYLE = Manual;
				DEVELOPMENT_TEAM = 49K755643D;
				INFOPLIST_FILE = MyHealthProj/Info.plist;
				IPHONEOS_DEPLOYMENT_TARGET = 10.0;
				LD_RUNPATH_SEARCH_PATHS = (
					"$(inherited)",
					"@executable_path/Frameworks",
				);
				PRODUCT_BUNDLE_IDENTIFIER = "com.happiestminds.-";
				PRODUCT_NAME = "$(TARGET_NAME)";
				PROVISIONING_PROFILE = "dc32d686-9695-4f34-a50b-5702f74daa03";
				PROVISIONING_PROFILE_SPECIFIER = "match Development com.happiestminds.*";
				SWIFT_VERSION = 4.0;
				TARGETED_DEVICE_FAMILY = "1,2";
			};
			name = Debug;
		};
		F280F7DA20F868DC00B53730 /* Release */ = {
			isa = XCBuildConfiguration;
			buildSettings = {
				ASSETCATALOG_COMPILER_APPICON_NAME = AppIcon;
				CODE_SIGN_IDENTITY = "iPhone Developer: Happiest Minds (372V9PWM5W)";
				CODE_SIGN_STYLE = Manual;
				DEVELOPMENT_TEAM = 49K755643D;
				INFOPLIST_FILE = MyHealthProj/Info.plist;
				IPHONEOS_DEPLOYMENT_TARGET = 10.0;
				LD_RUNPATH_SEARCH_PATHS = (
					"$(inherited)",
					"@executable_path/Frameworks",
				);
				PRODUCT_BUNDLE_IDENTIFIER = "com.happiestminds.-";
				PRODUCT_NAME = "$(TARGET_NAME)";
				PROVISIONING_PROFILE = "dc32d686-9695-4f34-a50b-5702f74daa03";
				PROVISIONING_PROFILE_SPECIFIER = "match Development com.happiestminds.*";
				SWIFT_VERSION = 4.0;
				TARGETED_DEVICE_FAMILY = "1,2";
			};
			name = Release;
		};
/* End XCBuildConfiguration section */

/* Begin XCConfigurationList section */
		F280F7BE20F868D400B53730 /* Build configuration list for PBXProject "MyHealthProj" */ = {
			isa = XCConfigurationList;
			buildConfigurations = (
				F280F7D620F868DC00B53730 /* Debug */,
				F280F7D720F868DC00B53730 /* Release */,
			);
			defaultConfigurationIsVisible = 0;
			defaultConfigurationName = Release;
		};
		F280F7D820F868DC00B53730 /* Build configuration list for PBXNativeTarget "MyHealthProj" */ = {
			isa = XCConfigurationList;
			buildConfigurations = (
				F280F7D920F868DC00B53730 /* Debug */,
				F280F7DA20F868DC00B53730 /* Release */,
			);
			defaultConfigurationIsVisible = 0;
			defaultConfigurationName = Release;
		};
/* End XCConfigurationList section */

/* Begin XCVersionGroup section */
		F280F7CD20F868D500B53730 /* MyHealthProj.xcdatamodeld */ = {
			isa = XCVersionGroup;
			children = (
				F280F7CE20F868D500B53730 /* MyHealthProj.xcdatamodel */,
			);
			currentVersion = F280F7CE20F868D500B53730 /* MyHealthProj.xcdatamodel */;
			path = MyHealthProj.xcdatamodeld;
			sourceTree = "<group>";
			versionGroupType = wrapper.xcdatamodel;
		};
/* End XCVersionGroup section */
	};
	rootObject = F280F7BB20F868D400B53730 /* Project object */;
}
